
Microsoft Visual Studio Solution File, Format Version 12.00
Project("{2150E333-8FDC-42A3-9474-1A3956D46DE8}") = "src", "src", "{FEBA41BE-DBBA-4439-9E3F-0975477566E4}"
EndProject
Project("{2150E333-8FDC-42A3-9474-1A3956D46DE8}") = "common", "common", "{2258BA61-AB07-4908-ACFF-6DCD47BDA454}"
	ProjectSection(SolutionItems) = preProject
		.editorconfig = .editorconfig
		.gitignore = .gitignore
		Directory.Build.props = Directory.Build.props
		Directory.Build.targets = Directory.Build.targets
		Directory.Packages.props = Directory.Packages.props
		README.MD = README.MD
	EndProjectSection
EndProject
Project("{2150E333-8FDC-42A3-9474-1A3956D46DE8}") = "tests", "tests", "{AB6979F5-5280-4F00-88E5-33D4D7401316}"
EndProject
Project("{FAE04EC0-301F-11D3-BF4B-00C04F79EFBC}") = "Monoling0.NotificationService", "src\Monoling0.NotificationService\Monoling0.NotificationService.csproj", "{1BDF449D-DC5B-4D61-A679-46654865F188}"
EndProject
Project("{FAE04EC0-301F-11D3-BF4B-00C04F79EFBC}") = "Monoling0.NotificationService.Tests", "tests\Monoling0.NotificationService.Tests\Monoling0.NotificationService.Tests.csproj", "{B8CADB65-ACD4-47A3-9976-FD632E7F8784}"
EndProject
Global
	GlobalSection(SolutionConfigurationPlatforms) = preSolution
		Debug|Any CPU = Debug|Any CPU
		Release|Any CPU = Release|Any CPU
	EndGlobalSection
	GlobalSection(NestedProjects) = preSolution
		{1BDF449D-DC5B-4D61-A679-46654865F188} = {FEBA41BE-DBBA-4439-9E3F-0975477566E4}
		{B8CADB65-ACD4-47A3-9976-FD632E7F8784} = {AB6979F5-5280-4F00-88E5-33D4D7401316}
	EndGlobalSection
	GlobalSection(ProjectConfigurationPlatforms) = postSolution
		{1BDF449D-DC5B-4D61-A679-46654865F188}.Debug|Any CPU.ActiveCfg = Debug|Any CPU
		{1BDF449D-DC5B-4D61-A679-46654865F188}.Debug|Any CPU.Build.0 = Debug|Any CPU
		{1BDF449D-DC5B-4D61-A679-46654865F188}.Release|Any CPU.ActiveCfg = Release|Any CPU
		{1BDF449D-DC5B-4D61-A679-46654865F188}.Release|Any CPU.Build.0 = Release|Any CPU
		{B8CADB65-ACD4-47A3-9976-FD632E7F8784}.Debug|Any CPU.ActiveCfg = Debug|Any CPU
		{B8CADB65-ACD4-47A3-9976-FD632E7F8784}.Debug|Any CPU.Build.0 = Debug|Any CPU
		{B8CADB65-ACD4-47A3-9976-FD632E7F8784}.Release|Any CPU.ActiveCfg = Release|Any CPU
		{B8CADB65-ACD4-47A3-9976-FD632E7F8784}.Release|Any CPU.Build.0 = Release|Any CPU
	EndGlobalSection
EndGlobal
